
Microsoft Visual Studio Solution File, Format Version 12.00
# Visual Studio 15
VisualStudioVersion = 15.0.27130.2036
MinimumVisualStudioVersion = 10.0.40219.1
Project("{FAE04EC0-301F-11D3-BF4B-00C04F79EFBC}") = "IWS_VelibWS", "IWS_VelibWS\IWS_VelibWS.csproj", "{2768F5E2-AB8B-4CFC-BAD8-75B801A3BD10}"
EndProject
Project("{FAE04EC0-301F-11D3-BF4B-00C04F79EFBC}") = "ClientGUI", "ClientGUI\ClientGUI.csproj", "{EB0DC503-548D-4181-9FE5-6C36B2FCD00B}"
EndProject
Project("{FAE04EC0-301F-11D3-BF4B-00C04F79EFBC}") = "ClientConsole", "ClientConsole\ClientConsole.csproj", "{99126EE2-245F-4861-9AB8-095791F88051}"
	ProjectSection(ProjectDependencies) = postProject
		{2768F5E2-AB8B-4CFC-BAD8-75B801A3BD10} = {2768F5E2-AB8B-4CFC-BAD8-75B801A3BD10}
	EndProjectSection
EndProject
Global
	GlobalSection(SolutionConfigurationPlatforms) = preSolution
		Debug|Any CPU = Debug|Any CPU
		Release|Any CPU = Release|Any CPU
	EndGlobalSection
	GlobalSection(ProjectConfigurationPlatforms) = postSolution
		{2768F5E2-AB8B-4CFC-BAD8-75B801A3BD10}.Debug|Any CPU.ActiveCfg = Debug|Any CPU
		{2768F5E2-AB8B-4CFC-BAD8-75B801A3BD10}.Debug|Any CPU.Build.0 = Debug|Any CPU
		{2768F5E2-AB8B-4CFC-BAD8-75B801A3BD10}.Release|Any CPU.ActiveCfg = Release|Any CPU
		{2768F5E2-AB8B-4CFC-BAD8-75B801A3BD10}.Release|Any CPU.Build.0 = Release|Any CPU
		{EB0DC503-548D-4181-9FE5-6C36B2FCD00B}.Debug|Any CPU.ActiveCfg = Debug|Any CPU
		{EB0DC503-548D-4181-9FE5-6C36B2FCD00B}.Debug|Any CPU.Build.0 = Debug|Any CPU
		{EB0DC503-548D-4181-9FE5-6C36B2FCD00B}.Release|Any CPU.ActiveCfg = Release|Any CPU
		{EB0DC503-548D-4181-9FE5-6C36B2FCD00B}.Release|Any CPU.Build.0 = Release|Any CPU
		{99126EE2-245F-4861-9AB8-095791F88051}.Debug|Any CPU.ActiveCfg = Debug|Any CPU
		{99126EE2-245F-4861-9AB8-095791F88051}.Debug|Any CPU.Build.0 = Debug|Any CPU
		{99126EE2-245F-4861-9AB8-095791F88051}.Release|Any CPU.ActiveCfg = Release|Any CPU
		{99126EE2-245F-4861-9AB8-095791F88051}.Release|Any CPU.Build.0 = Release|Any CPU
	EndGlobalSection
	GlobalSection(SolutionProperties) = preSolution
		HideSolutionNode = FALSE
	EndGlobalSection
	GlobalSection(ExtensibilityGlobals) = postSolution
		SolutionGuid = {A603F546-7709-40E5-84BE-1314F71E75C8}
	EndGlobalSection
EndGlobal
